
Microsoft Visual Studio Solution File, Format Version 12.00
# Visual Studio Version 17
VisualStudioVersion = 17.0.32014.148
MinimumVisualStudioVersion = 10.0.40219.1
Project("{9A19103F-16F7-4668-BE54-9A1E7A4F7556}") = "Quiz", "Quiz.csproj", "{CE4AFE42-760A-41C7-ABAE-96714D0ACBC0}"
EndProject
Global
	GlobalSection(SolutionConfigurationPlatforms) = preSolution
		Debug|Any CPU = Debug|Any CPU
		Release|Any CPU = Release|Any CPU
	EndGlobalSection
	GlobalSection(ProjectConfigurationPlatforms) = postSolution
		{CE4AFE42-760A-41C7-ABAE-96714D0ACBC0}.Debug|Any CPU.ActiveCfg = Debug|Any CPU
		{CE4AFE42-760A-41C7-ABAE-96714D0ACBC0}.Debug|Any CPU.Build.0 = Debug|Any CPU
		{CE4AFE42-760A-41C7-ABAE-96714D0ACBC0}.Release|Any CPU.ActiveCfg = Release|Any CPU
		{CE4AFE42-760A-41C7-ABAE-96714D0ACBC0}.Release|Any CPU.Build.0 = Release|Any CPU
	EndGlobalSection
	GlobalSection(SolutionProperties) = preSolution
		HideSolutionNode = FALSE
	EndGlobalSection
	GlobalSection(ExtensibilityGlobals) = postSolution
		SolutionGuid = {6774479E-4AE4-44D9-90CD-6130910D3688}
	EndGlobalSection
EndGlobal
